
Microsoft Visual Studio Solution File, Format Version 11.00
# Visual Studio 2010
Project("{FAE04EC0-301F-11D3-BF4B-00C04F79EFBC}") = "JuniorDesignGame", "Assembly-CSharp-firstpass.csproj", "{ADF312E9-F257-CA0C-ED04-2AC40E996BFD}"
EndProject
Project("{FAE04EC0-301F-11D3-BF4B-00C04F79EFBC}") = "JuniorDesignGame", "Assembly-CSharp.csproj", "{3ACC76A3-383C-2CAC-B88D-7A37F87C146E}"
EndProject
Project("{FAE04EC0-301F-11D3-BF4B-00C04F79EFBC}") = "JuniorDesignGame", "Assembly-CSharp-Editor-firstpass.csproj", "{5F2710A8-3408-7065-80DC-ABCBDCB47107}"
EndProject
Global
	GlobalSection(SolutionConfigurationPlatforms) = preSolution
		Debug|Any CPU = Debug|Any CPU
		Release|Any CPU = Release|Any CPU
	EndGlobalSection
	GlobalSection(ProjectConfigurationPlatforms) = postSolution
		{ADF312E9-F257-CA0C-ED04-2AC40E996BFD}.Debug|Any CPU.ActiveCfg = Debug|Any CPU
		{ADF312E9-F257-CA0C-ED04-2AC40E996BFD}.Debug|Any CPU.Build.0 = Debug|Any CPU
		{ADF312E9-F257-CA0C-ED04-2AC40E996BFD}.Release|Any CPU.ActiveCfg = Release|Any CPU
		{ADF312E9-F257-CA0C-ED04-2AC40E996BFD}.Release|Any CPU.Build.0 = Release|Any CPU
		{3ACC76A3-383C-2CAC-B88D-7A37F87C146E}.Debug|Any CPU.ActiveCfg = Debug|Any CPU
		{3ACC76A3-383C-2CAC-B88D-7A37F87C146E}.Debug|Any CPU.Build.0 = Debug|Any CPU
		{3ACC76A3-383C-2CAC-B88D-7A37F87C146E}.Release|Any CPU.ActiveCfg = Release|Any CPU
		{3ACC76A3-383C-2CAC-B88D-7A37F87C146E}.Release|Any CPU.Build.0 = Release|Any CPU
		{5F2710A8-3408-7065-80DC-ABCBDCB47107}.Debug|Any CPU.ActiveCfg = Debug|Any CPU
		{5F2710A8-3408-7065-80DC-ABCBDCB47107}.Debug|Any CPU.Build.0 = Debug|Any CPU
		{5F2710A8-3408-7065-80DC-ABCBDCB47107}.Release|Any CPU.ActiveCfg = Release|Any CPU
		{5F2710A8-3408-7065-80DC-ABCBDCB47107}.Release|Any CPU.Build.0 = Release|Any CPU
	EndGlobalSection
	GlobalSection(SolutionProperties) = preSolution
		HideSolutionNode = FALSE
	EndGlobalSection
	GlobalSection(MonoDevelopProperties) = preSolution
		StartupItem = Assembly-CSharp.csproj
	EndGlobalSection
EndGlobal
